
Microsoft Visual Studio Solution File, Format Version 12.00
# Visual Studio 15
VisualStudioVersion = 15.0.28307.421
MinimumVisualStudioVersion = 10.0.40219.1
Project("{FAE04EC0-301F-11D3-BF4B-00C04F79EFBC}") = "BiocadOptimizer", "BiocadOptimizer\BiocadOptimizer.csproj", "{30A4FD5E-79B6-4D27-BD28-9D05F6632FE8}"
EndProject
Global
	GlobalSection(SolutionConfigurationPlatforms) = preSolution
		Debug|Any CPU = Debug|Any CPU
		Release|Any CPU = Release|Any CPU
	EndGlobalSection
	GlobalSection(ProjectConfigurationPlatforms) = postSolution
		{30A4FD5E-79B6-4D27-BD28-9D05F6632FE8}.Debug|Any CPU.ActiveCfg = Debug|Any CPU
		{30A4FD5E-79B6-4D27-BD28-9D05F6632FE8}.Debug|Any CPU.Build.0 = Debug|Any CPU
		{30A4FD5E-79B6-4D27-BD28-9D05F6632FE8}.Release|Any CPU.ActiveCfg = Release|Any CPU
		{30A4FD5E-79B6-4D27-BD28-9D05F6632FE8}.Release|Any CPU.Build.0 = Release|Any CPU
	EndGlobalSection
	GlobalSection(SolutionProperties) = preSolution
		HideSolutionNode = FALSE
	EndGlobalSection
	GlobalSection(ExtensibilityGlobals) = postSolution
		SolutionGuid = {72B12FB1-C19C-4276-AF60-592D30E362CD}
	EndGlobalSection
EndGlobal
